{
  "name": "noip-ddns",
  "version": "1.0.0",
  "lockfileVersion": 2,
  "requires": true,
  "packages": {
    "": {
      "name": "noip-ddns",
      "version": "1.0.0",
      "license": "ISC",
      "dependencies": {
        "axios": "^1.7.9",
        "buffer": "^6.0.3",
        "public-ip": "^4.0.4"
      }
    },
    "node_modules/@leichtgewicht/ip-codec": {
      "version": "2.0.5",
      "license": "MIT"
    },
    "node_modules/asynckit": {
      "version": "0.4.0",
      "license": "MIT"
    },
    "node_modules/axios": {
      "version": "1.7.9",
      "license": "MIT",
      "dependencies": {
        "follow-redirects": "^1.15.6",
        "form-data": "^4.0.0",
        "proxy-from-env": "^1.1.0"
      }
    },
    "node_modules/base64-js": {
      "version": "1.5.1",
      "funding": [
        {
          "type": "github",
          "url": "https://github.com/sponsors/feross"
        },
        {
          "type": "patreon",
          "url": "https://www.patreon.com/feross"
        },
        {
          "type": "consulting",
          "url": "https://feross.org/support"
        }
      ],
      "license": "MIT"
    },
    "node_modules/buffer": {
      "version": "6.0.3",
      "funding": [
        {
          "type": "github",
          "url": "https://github.com/sponsors/feross"
        },
        {
          "type": "patreon",
          "url": "https://www.patreon.com/feross"
        },
        {
          "type": "consulting",
          "url": "https://feross.org/support"
        }
      ],
      "license": "MIT",
      "dependencies": {
        "base64-js": "^1.3.1",
        "ieee754": "^1.2.1"
      }
    },
    "node_modules/clone-response": {
      "version": "1.0.3",
      "resolved": "https://registry.npmjs.org/clone-response/-/clone-response-1.0.3.tgz",
      "integrity": "sha512-ROoL94jJH2dUVML2Y/5PEDNaSHgeOdSDicUyS7izcF63G6sTc/FTjLub4b8Il9S8S0beOfYt0TaA5qvFK+w0wA==",
      "dependencies": {
        "mimic-response": "^1.0.0"
      },
      "funding": {
        "url": "https://github.com/sponsors/sindresorhus"
      }
    },
    "node_modules/clone-response/node_modules/mimic-response": {
      "version": "1.0.1",
      "resolved": "https://registry.npmjs.org/mimic-response/-/mimic-response-1.0.1.tgz",
      "integrity": "sha512-j5EctnkH7amfV/q5Hgmoal1g2QHFJRraOtmx0JpIqkxhBhI/lJSl1nMpQ45hVarwNETOoWEimndZ4QK0RHxuxQ==",
      "engines": {
        "node": ">=4"
      }
    },
    "node_modules/combined-stream": {
      "version": "1.0.8",
      "license": "MIT",
      "dependencies": {
        "delayed-stream": "~1.0.0"
      },
      "engines": {
        "node": ">= 0.8"
      }
    },
    "node_modules/delayed-stream": {
      "version": "1.0.0",
      "license": "MIT",
      "engines": {
        "node": ">=0.4.0"
      }
    },
    "node_modules/dns-packet": {
      "version": "5.6.1",
      "license": "MIT",
      "dependencies": {
        "@leichtgewicht/ip-codec": "^2.0.1"
      },
      "engines": {
        "node": ">=6"
      }
    },
    "node_modules/dns-socket": {
      "version": "4.2.2",
      "license": "MIT",
      "dependencies": {
        "dns-packet": "^5.2.4"
      },
      "engines": {
        "node": ">=6"
      }
    },
    "node_modules/duplexer3": {
      "version": "0.1.5",
      "resolved": "https://registry.npmjs.org/duplexer3/-/duplexer3-0.1.5.tgz",
      "integrity": "sha512-1A8za6ws41LQgv9HrE/66jyC5yuSjQ3L/KOpFtoBilsAK2iA2wuS5rTt1OCzIvtS2V7nVmedsUU+DGRcjBmOYA=="
    },
    "node_modules/end-of-stream": {
      "version": "1.4.4",
      "resolved": "https://registry.npmjs.org/end-of-stream/-/end-of-stream-1.4.4.tgz",
      "integrity": "sha512-+uw1inIHVPQoaVuHzRyXd21icM+cnt4CzD5rW+NC1wjOUSTOs+Te7FOv7AhN7vS9x/oIyhLP5PR1H+phQAHu5Q==",
      "dependencies": {
        "once": "^1.4.0"
      }
    },
    "node_modules/follow-redirects": {
      "version": "1.15.9",
      "funding": [
        {
          "type": "individual",
          "url": "https://github.com/sponsors/RubenVerborgh"
        }
      ],
      "license": "MIT",
      "engines": {
        "node": ">=4.0"
      },
      "peerDependenciesMeta": {
        "debug": {
          "optional": true
        }
      }
    },
    "node_modules/form-data": {
      "version": "4.0.1",
      "license": "MIT",
      "dependencies": {
        "asynckit": "^0.4.0",
        "combined-stream": "^1.0.8",
        "mime-types": "^2.1.12"
      },
      "engines": {
        "node": ">= 6"
      }
    },
    "node_modules/http-cache-semantics": {
      "version": "4.1.1",
      "license": "BSD-2-Clause"
    },
    "node_modules/ieee754": {
      "version": "1.2.1",
      "funding": [
        {
          "type": "github",
          "url": "https://github.com/sponsors/feross"
        },
        {
          "type": "patreon",
          "url": "https://www.patreon.com/feross"
        },
        {
          "type": "consulting",
          "url": "https://feross.org/support"
        }
      ],
      "license": "BSD-3-Clause"
    },
    "node_modules/mime-db": {
      "version": "1.52.0",
      "license": "MIT",
      "engines": {
        "node": ">= 0.6"
      }
    },
    "node_modules/mime-types": {
      "version": "2.1.35",
      "license": "MIT",
      "dependencies": {
        "mime-db": "1.52.0"
      },
      "engines": {
        "node": ">= 0.6"
      }
    },
    "node_modules/once": {
      "version": "1.4.0",
      "resolved": "https://registry.npmjs.org/once/-/once-1.4.0.tgz",
      "integrity": "sha512-lNaJgI+2Q5URQBkccEKHTQOPaXdUxnZZElQTZY0MFUAuaEqe1E+Nyvgdz/aIyNi6Z9MzO5dv1H8n58/GELp3+w==",
      "dependencies": {
        "wrappy": "1"
      }
    },
    "node_modules/prepend-http": {
      "version": "2.0.0",
      "resolved": "https://registry.npmjs.org/prepend-http/-/prepend-http-2.0.0.tgz",
      "integrity": "sha512-ravE6m9Atw9Z/jjttRUZ+clIXogdghyZAuWJ3qEzjT+jI/dL1ifAqhZeC5VHzQp1MSt1+jxKkFNemj/iO7tVUA==",
      "engines": {
        "node": ">=4"
      }
    },
    "node_modules/proxy-from-env": {
      "version": "1.1.0",
      "license": "MIT"
    },
    "node_modules/public-ip": {
      "version": "4.0.4",
      "resolved": "https://registry.npmjs.org/public-ip/-/public-ip-4.0.4.tgz",
      "integrity": "sha512-EJ0VMV2vF6Cu7BIPo3IMW1Maq6ME+fbR0NcPmqDfpfNGIRPue1X8QrGjrg/rfjDkOsIkKHIf2S5FlEa48hFMTA==",
      "dependencies": {
        "dns-socket": "^4.2.2",
        "got": "^9.6.0",
        "is-ip": "^3.1.0"
      },
      "engines": {
        "node": ">=8"
      },
      "funding": {
        "url": "https://github.com/sponsors/sindresorhus"
      }
    },
    "node_modules/public-ip/node_modules/@sindresorhus/is": {
      "version": "0.14.0",
      "resolved": "https://registry.npmjs.org/@sindresorhus/is/-/is-0.14.0.tgz",
      "integrity": "sha512-9NET910DNaIPngYnLLPeg+Ogzqsi9uM4mSboU5y6p8S5DzMTVEsJZrawi+BoDNUVBa2DhJqQYUFvMDfgU062LQ==",
      "engines": {
        "node": ">=6"
      }
    },
    "node_modules/public-ip/node_modules/@szmarczak/http-timer": {
      "version": "1.1.2",
      "resolved": "https://registry.npmjs.org/@szmarczak/http-timer/-/http-timer-1.1.2.tgz",
      "integrity": "sha512-XIB2XbzHTN6ieIjfIMV9hlVcfPU26s2vafYWQcZHWXHOxiaRZYEDKEwdl129Zyg50+foYV2jCgtrqSA6qNuNSA==",
      "dependencies": {
        "defer-to-connect": "^1.0.1"
      },
      "engines": {
        "node": ">=6"
      }
    },
    "node_modules/public-ip/node_modules/cacheable-request": {
      "version": "6.1.0",
      "resolved": "https://registry.npmjs.org/cacheable-request/-/cacheable-request-6.1.0.tgz",
      "integrity": "sha512-Oj3cAGPCqOZX7Rz64Uny2GYAZNliQSqfbePrgAQ1wKAihYmCUnraBtJtKcGR4xz7wF+LoJC+ssFZvv5BgF9Igg==",
      "dependencies": {
        "clone-response": "^1.0.2",
        "get-stream": "^5.1.0",
        "http-cache-semantics": "^4.0.0",
        "keyv": "^3.0.0",
        "lowercase-keys": "^2.0.0",
        "normalize-url": "^4.1.0",
        "responselike": "^1.0.2"
      },
      "engines": {
        "node": ">=8"
      }
    },
    "node_modules/public-ip/node_modules/cacheable-request/node_modules/get-stream": {
      "version": "5.2.0",
      "resolved": "https://registry.npmjs.org/get-stream/-/get-stream-5.2.0.tgz",
      "integrity": "sha512-nBF+F1rAZVCu/p7rjzgA+Yb4lfYXrpl7a6VmJrU8wF9I1CKvP/QwPNZHnOlwbTkY6dvtFIzFMSyQXbLoTQPRpA==",
      "dependencies": {
        "pump": "^3.0.0"
      },
      "engines": {
        "node": ">=8"
      },
      "funding": {
        "url": "https://github.com/sponsors/sindresorhus"
      }
    },
    "node_modules/public-ip/node_modules/cacheable-request/node_modules/lowercase-keys": {
      "version": "2.0.0",
      "resolved": "https://registry.npmjs.org/lowercase-keys/-/lowercase-keys-2.0.0.tgz",
      "integrity": "sha512-tqNXrS78oMOE73NMxK4EMLQsQowWf8jKooH9g7xPavRT706R6bkQJ6DY2Te7QukaZsulxa30wQ7bk0pm4XiHmA==",
      "engines": {
        "node": ">=8"
      }
    },
    "node_modules/public-ip/node_modules/decompress-response": {
      "version": "3.3.0",
      "resolved": "https://registry.npmjs.org/decompress-response/-/decompress-response-3.3.0.tgz",
      "integrity": "sha512-BzRPQuY1ip+qDonAOz42gRm/pg9F768C+npV/4JOsxRC2sq+Rlk+Q4ZCAsOhnIaMrgarILY+RMUIvMmmX1qAEA==",
      "dependencies": {
        "mimic-response": "^1.0.0"
      },
      "engines": {
        "node": ">=4"
      }
    },
    "node_modules/public-ip/node_modules/defer-to-connect": {
      "version": "1.1.3",
      "resolved": "https://registry.npmjs.org/defer-to-connect/-/defer-to-connect-1.1.3.tgz",
      "integrity": "sha512-0ISdNousHvZT2EiFlZeZAHBUvSxmKswVCEf8hW7KWgG4a8MVEu/3Vb6uWYozkjylyCxe0JBIiRB1jV45S70WVQ=="
    },
    "node_modules/public-ip/node_modules/get-stream": {
      "version": "4.1.0",
      "resolved": "https://registry.npmjs.org/get-stream/-/get-stream-4.1.0.tgz",
      "integrity": "sha512-GMat4EJ5161kIy2HevLlr4luNjBgvmj413KaQA7jt4V8B4RDsfpHk7WQ9GVqfYyyx8OS/L66Kox+rJRNklLK7w==",
      "dependencies": {
        "pump": "^3.0.0"
      },
      "engines": {
        "node": ">=6"
      }
    },
    "node_modules/public-ip/node_modules/got": {
      "version": "9.6.0",
      "resolved": "https://registry.npmjs.org/got/-/got-9.6.0.tgz",
      "integrity": "sha512-R7eWptXuGYxwijs0eV+v3o6+XH1IqVK8dJOEecQfTmkncw9AV4dcw/Dhxi8MdlqPthxxpZyizMzyg8RTmEsG+Q==",
      "dependencies": {
        "@sindresorhus/is": "^0.14.0",
        "@szmarczak/http-timer": "^1.1.2",
        "cacheable-request": "^6.0.0",
        "decompress-response": "^3.3.0",
        "duplexer3": "^0.1.4",
        "get-stream": "^4.1.0",
        "lowercase-keys": "^1.0.1",
        "mimic-response": "^1.0.1",
        "p-cancelable": "^1.0.0",
        "to-readable-stream": "^1.0.0",
        "url-parse-lax": "^3.0.0"
      },
      "engines": {
        "node": ">=8.6"
      }
    },
    "node_modules/public-ip/node_modules/ip-regex": {
      "version": "4.3.0",
      "resolved": "https://registry.npmjs.org/ip-regex/-/ip-regex-4.3.0.tgz",
      "integrity": "sha512-B9ZWJxHHOHUhUjCPrMpLD4xEq35bUTClHM1S6CBU5ixQnkZmwipwgc96vAd7AAGM9TGHvJR+Uss+/Ak6UphK+Q==",
      "engines": {
        "node": ">=8"
      }
    },
    "node_modules/public-ip/node_modules/is-ip": {
      "version": "3.1.0",
      "resolved": "https://registry.npmjs.org/is-ip/-/is-ip-3.1.0.tgz",
      "integrity": "sha512-35vd5necO7IitFPjd/YBeqwWnyDWbuLH9ZXQdMfDA8TEo7pv5X8yfrvVO3xbJbLUlERCMvf6X0hTUamQxCYJ9Q==",
      "dependencies": {
        "ip-regex": "^4.0.0"
      },
      "engines": {
        "node": ">=8"
      }
    },
    "node_modules/public-ip/node_modules/json-buffer": {
      "version": "3.0.0",
      "resolved": "https://registry.npmjs.org/json-buffer/-/json-buffer-3.0.0.tgz",
      "integrity": "sha512-CuUqjv0FUZIdXkHPI8MezCnFCdaTAacej1TZYulLoAg1h/PhwkdXFN4V/gzY4g+fMBCOV2xF+rp7t2XD2ns/NQ=="
    },
    "node_modules/public-ip/node_modules/keyv": {
      "version": "3.1.0",
      "resolved": "https://registry.npmjs.org/keyv/-/keyv-3.1.0.tgz",
      "integrity": "sha512-9ykJ/46SN/9KPM/sichzQ7OvXyGDYKGTaDlKMGCAlg2UK8KRy4jb0d8sFc+0Tt0YYnThq8X2RZgCg74RPxgcVA==",
      "dependencies": {
        "json-buffer": "3.0.0"
      }
    },
    "node_modules/public-ip/node_modules/lowercase-keys": {
      "version": "1.0.1",
      "resolved": "https://registry.npmjs.org/lowercase-keys/-/lowercase-keys-1.0.1.tgz",
      "integrity": "sha512-G2Lj61tXDnVFFOi8VZds+SoQjtQC3dgokKdDG2mTm1tx4m50NUHBOZSBwQQHyy0V12A0JTG4icfZQH+xPyh8VA==",
      "engines": {
        "node": ">=0.10.0"
      }
    },
    "node_modules/public-ip/node_modules/mimic-response": {
      "version": "1.0.1",
      "resolved": "https://registry.npmjs.org/mimic-response/-/mimic-response-1.0.1.tgz",
      "integrity": "sha512-j5EctnkH7amfV/q5Hgmoal1g2QHFJRraOtmx0JpIqkxhBhI/lJSl1nMpQ45hVarwNETOoWEimndZ4QK0RHxuxQ==",
      "engines": {
        "node": ">=4"
      }
    },
    "node_modules/public-ip/node_modules/normalize-url": {
      "version": "4.5.1",
      "resolved": "https://registry.npmjs.org/normalize-url/-/normalize-url-4.5.1.tgz",
      "integrity": "sha512-9UZCFRHQdNrfTpGg8+1INIg93B6zE0aXMVFkw1WFwvO4SlZywU6aLg5Of0Ap/PgcbSw4LNxvMWXMeugwMCX0AA==",
      "engines": {
        "node": ">=8"
      }
    },
    "node_modules/public-ip/node_modules/p-cancelable": {
      "version": "1.1.0",
      "resolved": "https://registry.npmjs.org/p-cancelable/-/p-cancelable-1.1.0.tgz",
      "integrity": "sha512-s73XxOZ4zpt1edZYZzvhqFa6uvQc1vwUa0K0BdtIZgQMAJj9IbebH+JkgKZc9h+B05PKHLOTl4ajG1BmNrVZlw==",
      "engines": {
        "node": ">=6"
      }
    },
    "node_modules/public-ip/node_modules/responselike": {
      "version": "1.0.2",
      "resolved": "https://registry.npmjs.org/responselike/-/responselike-1.0.2.tgz",
      "integrity": "sha512-/Fpe5guzJk1gPqdJLJR5u7eG/gNY4nImjbRDaVWVMRhne55TCmj2i9Q+54PBRfatRC8v/rIiv9BN0pMd9OV5EQ==",
      "dependencies": {
        "lowercase-keys": "^1.0.0"
      }
    },
    "node_modules/pump": {
      "version": "3.0.2",
      "resolved": "https://registry.npmjs.org/pump/-/pump-3.0.2.tgz",
      "integrity": "sha512-tUPXtzlGM8FE3P0ZL6DVs/3P58k9nk8/jZeQCurTJylQA8qFYzHFfhBJkuqyE0FifOsQ0uKWekiZ5g8wtr28cw==",
      "dependencies": {
        "end-of-stream": "^1.1.0",
        "once": "^1.3.1"
      }
    },
    "node_modules/to-readable-stream": {
      "version": "1.0.0",
      "resolved": "https://registry.npmjs.org/to-readable-stream/-/to-readable-stream-1.0.0.tgz",
      "integrity": "sha512-Iq25XBt6zD5npPhlLVXGFN3/gyR2/qODcKNNyTMd4vbm39HUaOiAM4PMq0eMVC/Tkxz+Zjdsc55g9yyz+Yq00Q==",
      "engines": {
        "node": ">=6"
      }
    },
    "node_modules/url-parse-lax": {
      "version": "3.0.0",
      "resolved": "https://registry.npmjs.org/url-parse-lax/-/url-parse-lax-3.0.0.tgz",
      "integrity": "sha512-NjFKA0DidqPa5ciFcSrXnAltTtzz84ogy+NebPvfEgAck0+TNg4UJ4IN+fB7zRZfbgUf0syOo9MDxFkDSMuFaQ==",
      "dependencies": {
        "prepend-http": "^2.0.0"
      },
      "engines": {
        "node": ">=4"
      }
    },
    "node_modules/wrappy": {
      "version": "1.0.2",
      "resolved": "https://registry.npmjs.org/wrappy/-/wrappy-1.0.2.tgz",
      "integrity": "sha512-l4Sp/DRseor9wL6EvV2+TuQn63dMkPjZ/sp9XkghTEbV9KlPS1xUsZ3u7/IQO4wxtcFB4bgpQPRcR3QCvezPcQ=="
    }
  },
  "dependencies": {
    "@leichtgewicht/ip-codec": {
      "version": "2.0.5"
    },
    "asynckit": {
      "version": "0.4.0"
    },
    "axios": {
      "version": "1.7.9",
      "requires": {
        "follow-redirects": "^1.15.6",
        "form-data": "^4.0.0",
        "proxy-from-env": "^1.1.0"
      }
    },
    "base64-js": {
      "version": "1.5.1"
    },
    "buffer": {
      "version": "6.0.3",
      "requires": {
        "base64-js": "^1.3.1",
        "ieee754": "^1.2.1"
      }
    },
    "clone-response": {
      "version": "1.0.3",
      "resolved": "https://registry.npmjs.org/clone-response/-/clone-response-1.0.3.tgz",
      "integrity": "sha512-ROoL94jJH2dUVML2Y/5PEDNaSHgeOdSDicUyS7izcF63G6sTc/FTjLub4b8Il9S8S0beOfYt0TaA5qvFK+w0wA==",
      "requires": {
        "mimic-response": "^1.0.0"
      },
      "dependencies": {
        "mimic-response": {
          "version": "1.0.1",
          "resolved": "https://registry.npmjs.org/mimic-response/-/mimic-response-1.0.1.tgz",
          "integrity": "sha512-j5EctnkH7amfV/q5Hgmoal1g2QHFJRraOtmx0JpIqkxhBhI/lJSl1nMpQ45hVarwNETOoWEimndZ4QK0RHxuxQ=="
        }
      }
    },
    "combined-stream": {
      "version": "1.0.8",
      "requires": {
        "delayed-stream": "~1.0.0"
      }
    },
    "delayed-stream": {
      "version": "1.0.0"
    },
    "dns-packet": {
      "version": "5.6.1",
      "requires": {
        "@leichtgewicht/ip-codec": "^2.0.1"
      }
    },
    "dns-socket": {
      "version": "4.2.2",
      "requires": {
        "dns-packet": "^5.2.4"
      }
    },
    "duplexer3": {
      "version": "0.1.5",
      "resolved": "https://registry.npmjs.org/duplexer3/-/duplexer3-0.1.5.tgz",
      "integrity": "sha512-1A8za6ws41LQgv9HrE/66jyC5yuSjQ3L/KOpFtoBilsAK2iA2wuS5rTt1OCzIvtS2V7nVmedsUU+DGRcjBmOYA=="
    },
    "end-of-stream": {
      "version": "1.4.4",
      "resolved": "https://registry.npmjs.org/end-of-stream/-/end-of-stream-1.4.4.tgz",
      "integrity": "sha512-+uw1inIHVPQoaVuHzRyXd21icM+cnt4CzD5rW+NC1wjOUSTOs+Te7FOv7AhN7vS9x/oIyhLP5PR1H+phQAHu5Q==",
      "requires": {
        "once": "^1.4.0"
      }
    },
    "follow-redirects": {
      "version": "1.15.9"
    },
    "form-data": {
      "version": "4.0.1",
      "requires": {
        "asynckit": "^0.4.0",
        "combined-stream": "^1.0.8",
        "mime-types": "^2.1.12"
      }
    },
    "http-cache-semantics": {
      "version": "4.1.1"
    },
    "ieee754": {
      "version": "1.2.1"
    },
    "mime-db": {
      "version": "1.52.0"
    },
    "mime-types": {
      "version": "2.1.35",
      "requires": {
        "mime-db": "1.52.0"
      }
    },
    "once": {
      "version": "1.4.0",
      "resolved": "https://registry.npmjs.org/once/-/once-1.4.0.tgz",
      "integrity": "sha512-lNaJgI+2Q5URQBkccEKHTQOPaXdUxnZZElQTZY0MFUAuaEqe1E+Nyvgdz/aIyNi6Z9MzO5dv1H8n58/GELp3+w==",
      "requires": {
        "wrappy": "1"
      }
    },
    "prepend-http": {
      "version": "2.0.0",
      "resolved": "https://registry.npmjs.org/prepend-http/-/prepend-http-2.0.0.tgz",
      "integrity": "sha512-ravE6m9Atw9Z/jjttRUZ+clIXogdghyZAuWJ3qEzjT+jI/dL1ifAqhZeC5VHzQp1MSt1+jxKkFNemj/iO7tVUA=="
    },
    "proxy-from-env": {
      "version": "1.1.0"
    },
    "public-ip": {
      "version": "4.0.4",
      "resolved": "https://registry.npmjs.org/public-ip/-/public-ip-4.0.4.tgz",
      "integrity": "sha512-EJ0VMV2vF6Cu7BIPo3IMW1Maq6ME+fbR0NcPmqDfpfNGIRPue1X8QrGjrg/rfjDkOsIkKHIf2S5FlEa48hFMTA==",
      "requires": {
        "dns-socket": "^4.2.2",
        "got": "^9.6.0",
        "is-ip": "^3.1.0"
      },
      "dependencies": {
        "@sindresorhus/is": {
          "version": "0.14.0",
          "resolved": "https://registry.npmjs.org/@sindresorhus/is/-/is-0.14.0.tgz",
          "integrity": "sha512-9NET910DNaIPngYnLLPeg+Ogzqsi9uM4mSboU5y6p8S5DzMTVEsJZrawi+BoDNUVBa2DhJqQYUFvMDfgU062LQ=="
        },
        "@szmarczak/http-timer": {
          "version": "1.1.2",
          "resolved": "https://registry.npmjs.org/@szmarczak/http-timer/-/http-timer-1.1.2.tgz",
          "integrity": "sha512-XIB2XbzHTN6ieIjfIMV9hlVcfPU26s2vafYWQcZHWXHOxiaRZYEDKEwdl129Zyg50+foYV2jCgtrqSA6qNuNSA==",
          "requires": {
            "defer-to-connect": "^1.0.1"
          }
        },
        "cacheable-request": {
          "version": "6.1.0",
          "resolved": "https://registry.npmjs.org/cacheable-request/-/cacheable-request-6.1.0.tgz",
          "integrity": "sha512-Oj3cAGPCqOZX7Rz64Uny2GYAZNliQSqfbePrgAQ1wKAihYmCUnraBtJtKcGR4xz7wF+LoJC+ssFZvv5BgF9Igg==",
          "requires": {
            "clone-response": "^1.0.2",
            "get-stream": "^5.1.0",
            "http-cache-semantics": "^4.0.0",
            "keyv": "^3.0.0",
            "lowercase-keys": "^2.0.0",
            "normalize-url": "^4.1.0",
            "responselike": "^1.0.2"
          },
          "dependencies": {
            "get-stream": {
              "version": "5.2.0",
              "resolved": "https://registry.npmjs.org/get-stream/-/get-stream-5.2.0.tgz",
              "integrity": "sha512-nBF+F1rAZVCu/p7rjzgA+Yb4lfYXrpl7a6VmJrU8wF9I1CKvP/QwPNZHnOlwbTkY6dvtFIzFMSyQXbLoTQPRpA==",
              "requires": {
                "pump": "^3.0.0"
              }
            },
            "lowercase-keys": {
              "version": "2.0.0",
              "resolved": "https://registry.npmjs.org/lowercase-keys/-/lowercase-keys-2.0.0.tgz",
              "integrity": "sha512-tqNXrS78oMOE73NMxK4EMLQsQowWf8jKooH9g7xPavRT706R6bkQJ6DY2Te7QukaZsulxa30wQ7bk0pm4XiHmA=="
            }
          }
        },
        "decompress-response": {
          "version": "3.3.0",
          "resolved": "https://registry.npmjs.org/decompress-response/-/decompress-response-3.3.0.tgz",
          "integrity": "sha512-BzRPQuY1ip+qDonAOz42gRm/pg9F768C+npV/4JOsxRC2sq+Rlk+Q4ZCAsOhnIaMrgarILY+RMUIvMmmX1qAEA==",
          "requires": {
            "mimic-response": "^1.0.0"
          }
        },
        "defer-to-connect": {
          "version": "1.1.3",
          "resolved": "https://registry.npmjs.org/defer-to-connect/-/defer-to-connect-1.1.3.tgz",
          "integrity": "sha512-0ISdNousHvZT2EiFlZeZAHBUvSxmKswVCEf8hW7KWgG4a8MVEu/3Vb6uWYozkjylyCxe0JBIiRB1jV45S70WVQ=="
        },
        "get-stream": {
          "version": "4.1.0",
          "resolved": "https://registry.npmjs.org/get-stream/-/get-stream-4.1.0.tgz",
          "integrity": "sha512-GMat4EJ5161kIy2HevLlr4luNjBgvmj413KaQA7jt4V8B4RDsfpHk7WQ9GVqfYyyx8OS/L66Kox+rJRNklLK7w==",
          "requires": {
            "pump": "^3.0.0"
          }
        },
        "got": {
          "version": "9.6.0",
          "resolved": "https://registry.npmjs.org/got/-/got-9.6.0.tgz",
          "integrity": "sha512-R7eWptXuGYxwijs0eV+v3o6+XH1IqVK8dJOEecQfTmkncw9AV4dcw/Dhxi8MdlqPthxxpZyizMzyg8RTmEsG+Q==",
          "requires": {
            "@sindresorhus/is": "^0.14.0",
            "@szmarczak/http-timer": "^1.1.2",
            "cacheable-request": "^6.0.0",
            "decompress-response": "^3.3.0",
            "duplexer3": "^0.1.4",
            "get-stream": "^4.1.0",
            "lowercase-keys": "^1.0.1",
            "mimic-response": "^1.0.1",
            "p-cancelable": "^1.0.0",
            "to-readable-stream": "^1.0.0",
            "url-parse-lax": "^3.0.0"
          }
        },
        "ip-regex": {
          "version": "4.3.0",
          "resolved": "https://registry.npmjs.org/ip-regex/-/ip-regex-4.3.0.tgz",
          "integrity": "sha512-B9ZWJxHHOHUhUjCPrMpLD4xEq35bUTClHM1S6CBU5ixQnkZmwipwgc96vAd7AAGM9TGHvJR+Uss+/Ak6UphK+Q=="
        },
        "is-ip": {
          "version": "3.1.0",
          "resolved": "https://registry.npmjs.org/is-ip/-/is-ip-3.1.0.tgz",
          "integrity": "sha512-35vd5necO7IitFPjd/YBeqwWnyDWbuLH9ZXQdMfDA8TEo7pv5X8yfrvVO3xbJbLUlERCMvf6X0hTUamQxCYJ9Q==",
          "requires": {
            "ip-regex": "^4.0.0"
          }
        },
        "json-buffer": {
          "version": "3.0.0",
          "resolved": "https://registry.npmjs.org/json-buffer/-/json-buffer-3.0.0.tgz",
          "integrity": "sha512-CuUqjv0FUZIdXkHPI8MezCnFCdaTAacej1TZYulLoAg1h/PhwkdXFN4V/gzY4g+fMBCOV2xF+rp7t2XD2ns/NQ=="
        },
        "keyv": {
          "version": "3.1.0",
          "resolved": "https://registry.npmjs.org/keyv/-/keyv-3.1.0.tgz",
          "integrity": "sha512-9ykJ/46SN/9KPM/sichzQ7OvXyGDYKGTaDlKMGCAlg2UK8KRy4jb0d8sFc+0Tt0YYnThq8X2RZgCg74RPxgcVA==",
          "requires": {
            "json-buffer": "3.0.0"
          }
        },
        "lowercase-keys": {
          "version": "1.0.1",
          "resolved": "https://registry.npmjs.org/lowercase-keys/-/lowercase-keys-1.0.1.tgz",
          "integrity": "sha512-G2Lj61tXDnVFFOi8VZds+SoQjtQC3dgokKdDG2mTm1tx4m50NUHBOZSBwQQHyy0V12A0JTG4icfZQH+xPyh8VA=="
        },
        "mimic-response": {
          "version": "1.0.1",
          "resolved": "https://registry.npmjs.org/mimic-response/-/mimic-response-1.0.1.tgz",
          "integrity": "sha512-j5EctnkH7amfV/q5Hgmoal1g2QHFJRraOtmx0JpIqkxhBhI/lJSl1nMpQ45hVarwNETOoWEimndZ4QK0RHxuxQ=="
        },
        "normalize-url": {
          "version": "4.5.1",
          "resolved": "https://registry.npmjs.org/normalize-url/-/normalize-url-4.5.1.tgz",
          "integrity": "sha512-9UZCFRHQdNrfTpGg8+1INIg93B6zE0aXMVFkw1WFwvO4SlZywU6aLg5Of0Ap/PgcbSw4LNxvMWXMeugwMCX0AA=="
        },
        "p-cancelable": {
          "version": "1.1.0",
          "resolved": "https://registry.npmjs.org/p-cancelable/-/p-cancelable-1.1.0.tgz",
          "integrity": "sha512-s73XxOZ4zpt1edZYZzvhqFa6uvQc1vwUa0K0BdtIZgQMAJj9IbebH+JkgKZc9h+B05PKHLOTl4ajG1BmNrVZlw=="
        },
        "responselike": {
          "version": "1.0.2",
          "resolved": "https://registry.npmjs.org/responselike/-/responselike-1.0.2.tgz",
          "integrity": "sha512-/Fpe5guzJk1gPqdJLJR5u7eG/gNY4nImjbRDaVWVMRhne55TCmj2i9Q+54PBRfatRC8v/rIiv9BN0pMd9OV5EQ==",
          "requires": {
            "lowercase-keys": "^1.0.0"
          }
        }
      }
    },
    "pump": {
      "version": "3.0.2",
      "resolved": "https://registry.npmjs.org/pump/-/pump-3.0.2.tgz",
      "integrity": "sha512-tUPXtzlGM8FE3P0ZL6DVs/3P58k9nk8/jZeQCurTJylQA8qFYzHFfhBJkuqyE0FifOsQ0uKWekiZ5g8wtr28cw==",
      "requires": {
        "end-of-stream": "^1.1.0",
        "once": "^1.3.1"
      }
    },
    "to-readable-stream": {
      "version": "1.0.0",
      "resolved": "https://registry.npmjs.org/to-readable-stream/-/to-readable-stream-1.0.0.tgz",
      "integrity": "sha512-Iq25XBt6zD5npPhlLVXGFN3/gyR2/qODcKNNyTMd4vbm39HUaOiAM4PMq0eMVC/Tkxz+Zjdsc55g9yyz+Yq00Q=="
    },
    "url-parse-lax": {
      "version": "3.0.0",
      "resolved": "https://registry.npmjs.org/url-parse-lax/-/url-parse-lax-3.0.0.tgz",
      "integrity": "sha512-NjFKA0DidqPa5ciFcSrXnAltTtzz84ogy+NebPvfEgAck0+TNg4UJ4IN+fB7zRZfbgUf0syOo9MDxFkDSMuFaQ==",
      "requires": {
        "prepend-http": "^2.0.0"
      }
    },
    "wrappy": {
      "version": "1.0.2",
      "resolved": "https://registry.npmjs.org/wrappy/-/wrappy-1.0.2.tgz",
      "integrity": "sha512-l4Sp/DRseor9wL6EvV2+TuQn63dMkPjZ/sp9XkghTEbV9KlPS1xUsZ3u7/IQO4wxtcFB4bgpQPRcR3QCvezPcQ=="
    }
  }
}
